// !$*UTF8*$!
{
	archiveVersion = 1;
	classes = {
	};
	objectVersion = 56;
	objects = {

/* Begin PBXBuildFile section */
		9E14FFA72C95E5E900F6AA06 /* RefreshTokenResponse.swift in Sources */ = {isa = PBXBuildFile; fileRef = 9E14FFA62C95E5E900F6AA06 /* RefreshTokenResponse.swift */; };
		9E14FFA92C95E68800F6AA06 /* RefreshTokenResource.swift in Sources */ = {isa = PBXBuildFile; fileRef = 9E14FFA82C95E68800F6AA06 /* RefreshTokenResource.swift */; };
		9E4BE8292C6C08B90021DDAF /* GroupInProgressCardView.swift in Sources */ = {isa = PBXBuildFile; fileRef = 9E4BE8282C6C08B90021DDAF /* GroupInProgressCardView.swift */; };
		9E4BE82C2C6C09080021DDAF /* getColorStatus.swift in Sources */ = {isa = PBXBuildFile; fileRef = 9E4BE82B2C6C09080021DDAF /* getColorStatus.swift */; };
		9E4BE82F2C6D09BA0021DDAF /* GroupsInProgressList.swift in Sources */ = {isa = PBXBuildFile; fileRef = 9E4BE82E2C6D09BA0021DDAF /* GroupsInProgressList.swift */; };
		9E64876D2C7EAB7F007B4598 /* LoginResponse.swift in Sources */ = {isa = PBXBuildFile; fileRef = 9E64876C2C7EAB7F007B4598 /* LoginResponse.swift */; };
		9E64876F2C7EABF7007B4598 /* User.swift in Sources */ = {isa = PBXBuildFile; fileRef = 9E64876E2C7EABF7007B4598 /* User.swift */; };
		9E6487742C7EC13A007B4598 /* LoginBodyRequest.swift in Sources */ = {isa = PBXBuildFile; fileRef = 9E6487732C7EC13A007B4598 /* LoginBodyRequest.swift */; };
		9E8639DC2C938ECF00B3FA4D /* GetGroupsResource.swift in Sources */ = {isa = PBXBuildFile; fileRef = 9E8639DB2C938ECF00B3FA4D /* GetGroupsResource.swift */; };
		9E8639DE2C938F0300B3FA4D /* GetGroupsResponse.swift in Sources */ = {isa = PBXBuildFile; fileRef = 9E8639DD2C938F0300B3FA4D /* GetGroupsResponse.swift */; };
		9E8639E12C93993D00B3FA4D /* GroupViewModel.swift in Sources */ = {isa = PBXBuildFile; fileRef = 9E8639E02C93993D00B3FA4D /* GroupViewModel.swift */; };
		9EA1AB4B2C87A74C00BE5B06 /* RegisterScreen.swift in Sources */ = {isa = PBXBuildFile; fileRef = 9EA1AB4A2C87A74C00BE5B06 /* RegisterScreen.swift */; };
		9EA1AB4D2C87BCF000BE5B06 /* RegisterFormViewModel.swift in Sources */ = {isa = PBXBuildFile; fileRef = 9EA1AB4C2C87BCF000BE5B06 /* RegisterFormViewModel.swift */; };
		9EA1AB4F2C87F27C00BE5B06 /* RegisterResource.swift in Sources */ = {isa = PBXBuildFile; fileRef = 9EA1AB4E2C87F27C00BE5B06 /* RegisterResource.swift */; };
		9EA1AB512C87F35900BE5B06 /* RegisterResponse.swift in Sources */ = {isa = PBXBuildFile; fileRef = 9EA1AB502C87F35900BE5B06 /* RegisterResponse.swift */; };
		9EA1AB532C87F53000BE5B06 /* RegisterBodyRequest.swift in Sources */ = {isa = PBXBuildFile; fileRef = 9EA1AB522C87F53000BE5B06 /* RegisterBodyRequest.swift */; };
		9EAF213E2C861EDD00410A32 /* ApiError.swift in Sources */ = {isa = PBXBuildFile; fileRef = 9EAF213D2C861EDD00410A32 /* ApiError.swift */; };
		9EC369A52C923B72009264EE /* KeychainSwift in Frameworks */ = {isa = PBXBuildFile; productRef = 9EC369A42C923B72009264EE /* KeychainSwift */; };
		9EC369A72C9244ED009264EE /* CheckStatusResource.swift in Sources */ = {isa = PBXBuildFile; fileRef = 9EC369A62C9244ED009264EE /* CheckStatusResource.swift */; };
		9EC369A92C92457E009264EE /* CheckStatusResponse.swift in Sources */ = {isa = PBXBuildFile; fileRef = 9EC369A82C92457E009264EE /* CheckStatusResponse.swift */; };
		9EC75EF32C81103E00581CD3 /* LoginResource.swift in Sources */ = {isa = PBXBuildFile; fileRef = 9EC75EF22C81103E00581CD3 /* LoginResource.swift */; };
		9EC75EF62C81155000581CD3 /* NetworkRequest.swift in Sources */ = {isa = PBXBuildFile; fileRef = 9EC75EF52C81155000581CD3 /* NetworkRequest.swift */; };
		9EC75EF82C81165F00581CD3 /* ApiRequest.swift in Sources */ = {isa = PBXBuildFile; fileRef = 9EC75EF72C81165F00581CD3 /* ApiRequest.swift */; };
		9ECF52A32C67D64900178AE8 /* WordyCardsApp.swift in Sources */ = {isa = PBXBuildFile; fileRef = 9ECF52A22C67D64900178AE8 /* WordyCardsApp.swift */; };
		9ECF52A52C67D64900178AE8 /* ApplicationSwitcher.swift in Sources */ = {isa = PBXBuildFile; fileRef = 9ECF52A42C67D64900178AE8 /* ApplicationSwitcher.swift */; };
		9ECF52A72C67D64A00178AE8 /* AppIcon.xcassets in Resources */ = {isa = PBXBuildFile; fileRef = 9ECF52A62C67D64A00178AE8 /* AppIcon.xcassets */; };
		9ECF52AA2C67D64A00178AE8 /* Preview Assets.xcassets in Resources */ = {isa = PBXBuildFile; fileRef = 9ECF52A92C67D64A00178AE8 /* Preview Assets.xcassets */; };
		9ECF52B22C67D66C00178AE8 /* HomeScreen.swift in Sources */ = {isa = PBXBuildFile; fileRef = 9ECF52B12C67D66C00178AE8 /* HomeScreen.swift */; };
		9ECF52B92C67DAE900178AE8 /* Quicksand-Bold.ttf in Resources */ = {isa = PBXBuildFile; fileRef = 9ECF52B42C67DAE800178AE8 /* Quicksand-Bold.ttf */; };
		9ECF52BA2C67DAE900178AE8 /* Quicksand-Medium.ttf in Resources */ = {isa = PBXBuildFile; fileRef = 9ECF52B52C67DAE800178AE8 /* Quicksand-Medium.ttf */; };
		9ECF52BB2C67DAE900178AE8 /* Quicksand-Regular.ttf in Resources */ = {isa = PBXBuildFile; fileRef = 9ECF52B62C67DAE800178AE8 /* Quicksand-Regular.ttf */; };
		9ECF52BC2C67DAE900178AE8 /* Quicksand-Light.ttf in Resources */ = {isa = PBXBuildFile; fileRef = 9ECF52B72C67DAE800178AE8 /* Quicksand-Light.ttf */; };
		9ECF52BD2C67DAE900178AE8 /* Quicksand-SemiBold.ttf in Resources */ = {isa = PBXBuildFile; fileRef = 9ECF52B82C67DAE800178AE8 /* Quicksand-SemiBold.ttf */; };
		9ECF52BF2C67DBDC00178AE8 /* Ionicons.ttf in Resources */ = {isa = PBXBuildFile; fileRef = 9ECF52BE2C67DBDC00178AE8 /* Ionicons.ttf */; };
		9ECF52C32C67F84E00178AE8 /* Fonts.swift in Sources */ = {isa = PBXBuildFile; fileRef = 9ECF52C22C67F84E00178AE8 /* Fonts.swift */; };
		9ECF52CB2C6800EF00178AE8 /* TextModifier.swift in Sources */ = {isa = PBXBuildFile; fileRef = 9ECF52CA2C6800EF00178AE8 /* TextModifier.swift */; };
		9ECF52CE2C68109B00178AE8 /* StatusBannerView.swift in Sources */ = {isa = PBXBuildFile; fileRef = 9ECF52CD2C68109B00178AE8 /* StatusBannerView.swift */; };
		9ECF52D12C6919B700178AE8 /* BannerShape.swift in Sources */ = {isa = PBXBuildFile; fileRef = 9ECF52D02C6919B700178AE8 /* BannerShape.swift */; };
		9ECF52D32C691A8A00178AE8 /* HomeHeaderView.swift in Sources */ = {isa = PBXBuildFile; fileRef = 9ECF52D22C691A8A00178AE8 /* HomeHeaderView.swift */; };
		9ECF52D52C696DB400178AE8 /* SearchBarView.swift in Sources */ = {isa = PBXBuildFile; fileRef = 9ECF52D42C696DB400178AE8 /* SearchBarView.swift */; };
		9ECFA91E2C7A472900E36D3F /* Images.xcassets in Resources */ = {isa = PBXBuildFile; fileRef = 9ECFA91D2C7A472900E36D3F /* Images.xcassets */; };
		9ECFA9202C7A47C200E36D3F /* Colors.xcassets in Resources */ = {isa = PBXBuildFile; fileRef = 9ECFA91F2C7A47C200E36D3F /* Colors.xcassets */; };
		9ECFA9242C7A504E00E36D3F /* Localizable.xcstrings in Resources */ = {isa = PBXBuildFile; fileRef = 9ECFA9232C7A504E00E36D3F /* Localizable.xcstrings */; };
		9ECFA9272C7A782400E36D3F /* AuthStatus.swift in Sources */ = {isa = PBXBuildFile; fileRef = 9ECFA9262C7A782300E36D3F /* AuthStatus.swift */; };
		9ECFA92C2C7A7C3C00E36D3F /* AuthViewModel.swift in Sources */ = {isa = PBXBuildFile; fileRef = 9ECFA92B2C7A7C3C00E36D3F /* AuthViewModel.swift */; };
		9ECFA92E2C7A7CF000E36D3F /* LoginScreen.swift in Sources */ = {isa = PBXBuildFile; fileRef = 9ECFA92D2C7A7CF000E36D3F /* LoginScreen.swift */; };
		9ECFA9302C7A85C100E36D3F /* SplashScreen.swift in Sources */ = {isa = PBXBuildFile; fileRef = 9ECFA92F2C7A85C100E36D3F /* SplashScreen.swift */; };
		9ECFA9322C7B88E300E36D3F /* SpinnerView.swift in Sources */ = {isa = PBXBuildFile; fileRef = 9ECFA9312C7B88E300E36D3F /* SpinnerView.swift */; };
		9ECFA9342C7B9D8800E36D3F /* LoginFormViewModel.swift in Sources */ = {isa = PBXBuildFile; fileRef = 9ECFA9332C7B9D8700E36D3F /* LoginFormViewModel.swift */; };
		9ECFA9372C7BBC4300E36D3F /* TextFieldView.swift in Sources */ = {isa = PBXBuildFile; fileRef = 9ECFA9362C7BBC4300E36D3F /* TextFieldView.swift */; };
		9ECFA9392C7BC12B00E36D3F /* ButtonView.swift in Sources */ = {isa = PBXBuildFile; fileRef = 9ECFA9382C7BC12B00E36D3F /* ButtonView.swift */; };
		9ED856862C6AB9CB008F661E /* GroupModel.swift in Sources */ = {isa = PBXBuildFile; fileRef = 9ED856852C6AB9CB008F661E /* GroupModel.swift */; };
		9EF89A512C8A3D7200B6DECF /* AuthRouter.swift in Sources */ = {isa = PBXBuildFile; fileRef = 9EF89A502C8A3D7200B6DECF /* AuthRouter.swift */; };
		9EF89A622C8A5FBD00B6DECF /* AuthRouterView.swift in Sources */ = {isa = PBXBuildFile; fileRef = 9EF89A612C8A5FBD00B6DECF /* AuthRouterView.swift */; };
		9EF89A642C8A679700B6DECF /* BaseRouter.swift in Sources */ = {isa = PBXBuildFile; fileRef = 9EF89A632C8A679700B6DECF /* BaseRouter.swift */; };
		9EF89A662C8A6DEA00B6DECF /* RouterProtocol.swift in Sources */ = {isa = PBXBuildFile; fileRef = 9EF89A652C8A6DEA00B6DECF /* RouterProtocol.swift */; };
		9EF89A6B2C8A793A00B6DECF /* ProfileScreen.swift in Sources */ = {isa = PBXBuildFile; fileRef = 9EF89A6A2C8A793A00B6DECF /* ProfileScreen.swift */; };
		9EF89A6E2C8A799000B6DECF /* MainRouter.swift in Sources */ = {isa = PBXBuildFile; fileRef = 9EF89A6D2C8A799000B6DECF /* MainRouter.swift */; };
		9EF89A702C8A7AFD00B6DECF /* MainRouterView.swift in Sources */ = {isa = PBXBuildFile; fileRef = 9EF89A6F2C8A7AFD00B6DECF /* MainRouterView.swift */; };
		9EFF2C692C7F8406000CA654 /* ErrorResponse.swift in Sources */ = {isa = PBXBuildFile; fileRef = 9EFF2C682C7F8406000CA654 /* ErrorResponse.swift */; };
		9EFF2C6B2C7FB744000CA654 /* ApiResource.swift in Sources */ = {isa = PBXBuildFile; fileRef = 9EFF2C6A2C7FB744000CA654 /* ApiResource.swift */; };
/* End PBXBuildFile section */

/* Begin PBXFileReference section */
		9E14FFA62C95E5E900F6AA06 /* RefreshTokenResponse.swift */ = {isa = PBXFileReference; lastKnownFileType = sourcecode.swift; path = RefreshTokenResponse.swift; sourceTree = "<group>"; };
		9E14FFA82C95E68800F6AA06 /* RefreshTokenResource.swift */ = {isa = PBXFileReference; lastKnownFileType = sourcecode.swift; path = RefreshTokenResource.swift; sourceTree = "<group>"; };
		9E4BE8282C6C08B90021DDAF /* GroupInProgressCardView.swift */ = {isa = PBXFileReference; lastKnownFileType = sourcecode.swift; path = GroupInProgressCardView.swift; sourceTree = "<group>"; };
		9E4BE82B2C6C09080021DDAF /* getColorStatus.swift */ = {isa = PBXFileReference; lastKnownFileType = sourcecode.swift; path = getColorStatus.swift; sourceTree = "<group>"; };
		9E4BE82E2C6D09BA0021DDAF /* GroupsInProgressList.swift */ = {isa = PBXFileReference; lastKnownFileType = sourcecode.swift; path = GroupsInProgressList.swift; sourceTree = "<group>"; };
		9E64876C2C7EAB7F007B4598 /* LoginResponse.swift */ = {isa = PBXFileReference; lastKnownFileType = sourcecode.swift; path = LoginResponse.swift; sourceTree = "<group>"; };
		9E64876E2C7EABF7007B4598 /* User.swift */ = {isa = PBXFileReference; lastKnownFileType = sourcecode.swift; path = User.swift; sourceTree = "<group>"; };
		9E6487732C7EC13A007B4598 /* LoginBodyRequest.swift */ = {isa = PBXFileReference; lastKnownFileType = sourcecode.swift; path = LoginBodyRequest.swift; sourceTree = "<group>"; };
		9E8639DB2C938ECF00B3FA4D /* GetGroupsResource.swift */ = {isa = PBXFileReference; lastKnownFileType = sourcecode.swift; path = GetGroupsResource.swift; sourceTree = "<group>"; };
		9E8639DD2C938F0300B3FA4D /* GetGroupsResponse.swift */ = {isa = PBXFileReference; lastKnownFileType = sourcecode.swift; path = GetGroupsResponse.swift; sourceTree = "<group>"; };
		9E8639E02C93993D00B3FA4D /* GroupViewModel.swift */ = {isa = PBXFileReference; lastKnownFileType = sourcecode.swift; path = GroupViewModel.swift; sourceTree = "<group>"; };
		9EA1AB4A2C87A74C00BE5B06 /* RegisterScreen.swift */ = {isa = PBXFileReference; lastKnownFileType = sourcecode.swift; path = RegisterScreen.swift; sourceTree = "<group>"; };
		9EA1AB4C2C87BCF000BE5B06 /* RegisterFormViewModel.swift */ = {isa = PBXFileReference; lastKnownFileType = sourcecode.swift; path = RegisterFormViewModel.swift; sourceTree = "<group>"; };
		9EA1AB4E2C87F27C00BE5B06 /* RegisterResource.swift */ = {isa = PBXFileReference; lastKnownFileType = sourcecode.swift; path = RegisterResource.swift; sourceTree = "<group>"; };
		9EA1AB502C87F35900BE5B06 /* RegisterResponse.swift */ = {isa = PBXFileReference; lastKnownFileType = sourcecode.swift; path = RegisterResponse.swift; sourceTree = "<group>"; };
		9EA1AB522C87F53000BE5B06 /* RegisterBodyRequest.swift */ = {isa = PBXFileReference; lastKnownFileType = sourcecode.swift; path = RegisterBodyRequest.swift; sourceTree = "<group>"; };
		9EAF213D2C861EDD00410A32 /* ApiError.swift */ = {isa = PBXFileReference; lastKnownFileType = sourcecode.swift; path = ApiError.swift; sourceTree = "<group>"; };
		9EC369A62C9244ED009264EE /* CheckStatusResource.swift */ = {isa = PBXFileReference; lastKnownFileType = sourcecode.swift; path = CheckStatusResource.swift; sourceTree = "<group>"; };
		9EC369A82C92457E009264EE /* CheckStatusResponse.swift */ = {isa = PBXFileReference; lastKnownFileType = sourcecode.swift; path = CheckStatusResponse.swift; sourceTree = "<group>"; };
		9EC75EF22C81103E00581CD3 /* LoginResource.swift */ = {isa = PBXFileReference; lastKnownFileType = sourcecode.swift; path = LoginResource.swift; sourceTree = "<group>"; };
		9EC75EF52C81155000581CD3 /* NetworkRequest.swift */ = {isa = PBXFileReference; lastKnownFileType = sourcecode.swift; path = NetworkRequest.swift; sourceTree = "<group>"; };
		9EC75EF72C81165F00581CD3 /* ApiRequest.swift */ = {isa = PBXFileReference; lastKnownFileType = sourcecode.swift; path = ApiRequest.swift; sourceTree = "<group>"; };
		9ECF529F2C67D64900178AE8 /* WordyCards.app */ = {isa = PBXFileReference; explicitFileType = wrapper.application; includeInIndex = 0; path = WordyCards.app; sourceTree = BUILT_PRODUCTS_DIR; };
		9ECF52A22C67D64900178AE8 /* WordyCardsApp.swift */ = {isa = PBXFileReference; lastKnownFileType = sourcecode.swift; path = WordyCardsApp.swift; sourceTree = "<group>"; };
		9ECF52A42C67D64900178AE8 /* ApplicationSwitcher.swift */ = {isa = PBXFileReference; lastKnownFileType = sourcecode.swift; path = ApplicationSwitcher.swift; sourceTree = "<group>"; };
		9ECF52A62C67D64A00178AE8 /* AppIcon.xcassets */ = {isa = PBXFileReference; lastKnownFileType = folder.assetcatalog; path = AppIcon.xcassets; sourceTree = "<group>"; };
		9ECF52A92C67D64A00178AE8 /* Preview Assets.xcassets */ = {isa = PBXFileReference; lastKnownFileType = folder.assetcatalog; path = "Preview Assets.xcassets"; sourceTree = "<group>"; };
		9ECF52B12C67D66C00178AE8 /* HomeScreen.swift */ = {isa = PBXFileReference; lastKnownFileType = sourcecode.swift; path = HomeScreen.swift; sourceTree = "<group>"; };
		9ECF52B42C67DAE800178AE8 /* Quicksand-Bold.ttf */ = {isa = PBXFileReference; lastKnownFileType = file; path = "Quicksand-Bold.ttf"; sourceTree = "<group>"; };
		9ECF52B52C67DAE800178AE8 /* Quicksand-Medium.ttf */ = {isa = PBXFileReference; lastKnownFileType = file; path = "Quicksand-Medium.ttf"; sourceTree = "<group>"; };
		9ECF52B62C67DAE800178AE8 /* Quicksand-Regular.ttf */ = {isa = PBXFileReference; lastKnownFileType = file; path = "Quicksand-Regular.ttf"; sourceTree = "<group>"; };
		9ECF52B72C67DAE800178AE8 /* Quicksand-Light.ttf */ = {isa = PBXFileReference; lastKnownFileType = file; path = "Quicksand-Light.ttf"; sourceTree = "<group>"; };
		9ECF52B82C67DAE800178AE8 /* Quicksand-SemiBold.ttf */ = {isa = PBXFileReference; lastKnownFileType = file; path = "Quicksand-SemiBold.ttf"; sourceTree = "<group>"; };
		9ECF52BE2C67DBDC00178AE8 /* Ionicons.ttf */ = {isa = PBXFileReference; lastKnownFileType = file; path = Ionicons.ttf; sourceTree = "<group>"; };
		9ECF52C02C67DC2700178AE8 /* Info.plist */ = {isa = PBXFileReference; lastKnownFileType = text.plist; path = Info.plist; sourceTree = "<group>"; };
		9ECF52C22C67F84E00178AE8 /* Fonts.swift */ = {isa = PBXFileReference; lastKnownFileType = sourcecode.swift; path = Fonts.swift; sourceTree = "<group>"; };
		9ECF52CA2C6800EF00178AE8 /* TextModifier.swift */ = {isa = PBXFileReference; lastKnownFileType = sourcecode.swift; path = TextModifier.swift; sourceTree = "<group>"; };
		9ECF52CD2C68109B00178AE8 /* StatusBannerView.swift */ = {isa = PBXFileReference; lastKnownFileType = sourcecode.swift; path = StatusBannerView.swift; sourceTree = "<group>"; };
		9ECF52D02C6919B700178AE8 /* BannerShape.swift */ = {isa = PBXFileReference; lastKnownFileType = sourcecode.swift; path = BannerShape.swift; sourceTree = "<group>"; };
		9ECF52D22C691A8A00178AE8 /* HomeHeaderView.swift */ = {isa = PBXFileReference; lastKnownFileType = sourcecode.swift; path = HomeHeaderView.swift; sourceTree = "<group>"; };
		9ECF52D42C696DB400178AE8 /* SearchBarView.swift */ = {isa = PBXFileReference; lastKnownFileType = sourcecode.swift; path = SearchBarView.swift; sourceTree = "<group>"; };
		9ECFA91D2C7A472900E36D3F /* Images.xcassets */ = {isa = PBXFileReference; lastKnownFileType = folder.assetcatalog; path = Images.xcassets; sourceTree = "<group>"; };
		9ECFA91F2C7A47C200E36D3F /* Colors.xcassets */ = {isa = PBXFileReference; lastKnownFileType = folder.assetcatalog; path = Colors.xcassets; sourceTree = "<group>"; };
		9ECFA9232C7A504E00E36D3F /* Localizable.xcstrings */ = {isa = PBXFileReference; lastKnownFileType = text.json.xcstrings; path = Localizable.xcstrings; sourceTree = "<group>"; };
		9ECFA9262C7A782300E36D3F /* AuthStatus.swift */ = {isa = PBXFileReference; lastKnownFileType = sourcecode.swift; path = AuthStatus.swift; sourceTree = "<group>"; };
		9ECFA92B2C7A7C3C00E36D3F /* AuthViewModel.swift */ = {isa = PBXFileReference; lastKnownFileType = sourcecode.swift; path = AuthViewModel.swift; sourceTree = "<group>"; };
		9ECFA92D2C7A7CF000E36D3F /* LoginScreen.swift */ = {isa = PBXFileReference; lastKnownFileType = sourcecode.swift; path = LoginScreen.swift; sourceTree = "<group>"; };
		9ECFA92F2C7A85C100E36D3F /* SplashScreen.swift */ = {isa = PBXFileReference; lastKnownFileType = sourcecode.swift; path = SplashScreen.swift; sourceTree = "<group>"; };
		9ECFA9312C7B88E300E36D3F /* SpinnerView.swift */ = {isa = PBXFileReference; lastKnownFileType = sourcecode.swift; path = SpinnerView.swift; sourceTree = "<group>"; };
		9ECFA9332C7B9D8700E36D3F /* LoginFormViewModel.swift */ = {isa = PBXFileReference; lastKnownFileType = sourcecode.swift; path = LoginFormViewModel.swift; sourceTree = "<group>"; };
		9ECFA9362C7BBC4300E36D3F /* TextFieldView.swift */ = {isa = PBXFileReference; lastKnownFileType = sourcecode.swift; path = TextFieldView.swift; sourceTree = "<group>"; };
		9ECFA9382C7BC12B00E36D3F /* ButtonView.swift */ = {isa = PBXFileReference; lastKnownFileType = sourcecode.swift; path = ButtonView.swift; sourceTree = "<group>"; };
		9ED856852C6AB9CB008F661E /* GroupModel.swift */ = {isa = PBXFileReference; lastKnownFileType = sourcecode.swift; path = GroupModel.swift; sourceTree = "<group>"; };
		9EF89A502C8A3D7200B6DECF /* AuthRouter.swift */ = {isa = PBXFileReference; lastKnownFileType = sourcecode.swift; path = AuthRouter.swift; sourceTree = "<group>"; };
		9EF89A612C8A5FBD00B6DECF /* AuthRouterView.swift */ = {isa = PBXFileReference; lastKnownFileType = sourcecode.swift; path = AuthRouterView.swift; sourceTree = "<group>"; };
		9EF89A632C8A679700B6DECF /* BaseRouter.swift */ = {isa = PBXFileReference; lastKnownFileType = sourcecode.swift; path = BaseRouter.swift; sourceTree = "<group>"; };
		9EF89A652C8A6DEA00B6DECF /* RouterProtocol.swift */ = {isa = PBXFileReference; lastKnownFileType = sourcecode.swift; path = RouterProtocol.swift; sourceTree = "<group>"; };
		9EF89A6A2C8A793A00B6DECF /* ProfileScreen.swift */ = {isa = PBXFileReference; lastKnownFileType = sourcecode.swift; path = ProfileScreen.swift; sourceTree = "<group>"; };
		9EF89A6D2C8A799000B6DECF /* MainRouter.swift */ = {isa = PBXFileReference; lastKnownFileType = sourcecode.swift; path = MainRouter.swift; sourceTree = "<group>"; };
		9EF89A6F2C8A7AFD00B6DECF /* MainRouterView.swift */ = {isa = PBXFileReference; lastKnownFileType = sourcecode.swift; path = MainRouterView.swift; sourceTree = "<group>"; };
		9EFF2C682C7F8406000CA654 /* ErrorResponse.swift */ = {isa = PBXFileReference; lastKnownFileType = sourcecode.swift; path = ErrorResponse.swift; sourceTree = "<group>"; };
		9EFF2C6A2C7FB744000CA654 /* ApiResource.swift */ = {isa = PBXFileReference; lastKnownFileType = sourcecode.swift; path = ApiResource.swift; sourceTree = "<group>"; };
/* End PBXFileReference section */

/* Begin PBXFrameworksBuildPhase section */
		9ECF529C2C67D64900178AE8 /* Frameworks */ = {
			isa = PBXFrameworksBuildPhase;
			buildActionMask = 2147483647;
			files = (
				9EC369A52C923B72009264EE /* KeychainSwift in Frameworks */,
			);
			runOnlyForDeploymentPostprocessing = 0;
		};
/* End PBXFrameworksBuildPhase section */

/* Begin PBXGroup section */
		9E4BE82A2C6C08EA0021DDAF /* Utils */ = {
			isa = PBXGroup;
			children = (
				9E4BE82B2C6C09080021DDAF /* getColorStatus.swift */,
			);
			path = Utils;
			sourceTree = "<group>";
		};
		9E4CCF772C7A41D800CDAA6A /* Source */ = {
			isa = PBXGroup;
			children = (
				9EF89A4F2C8A3D5F00B6DECF /* Navigation */,
				9E63D1CE2C82661400C96680 /* Networking */,
				9E4BE82A2C6C08EA0021DDAF /* Utils */,
				9E4CCF792C7A420E00CDAA6A /* Common */,
				9E4CCF782C7A420600CDAA6A /* Modules */,
				9ECF52A22C67D64900178AE8 /* WordyCardsApp.swift */,
				9ECF52A42C67D64900178AE8 /* ApplicationSwitcher.swift */,
			);
			path = Source;
			sourceTree = "<group>";
		};
		9E4CCF782C7A420600CDAA6A /* Modules */ = {
			isa = PBXGroup;
			children = (
				9E4CCF7A2C7A422000CDAA6A /* Auth */,
				9E4CCF7D2C7A430700CDAA6A /* Groups */,
				9E4CCF7B2C7A423000CDAA6A /* Home */,
			);
			path = Modules;
			sourceTree = "<group>";
		};
		9E4CCF792C7A420E00CDAA6A /* Common */ = {
			isa = PBXGroup;
			children = (
				9ECF52C92C6800A800178AE8 /* ViewModifiers */,
				9E4CCF822C7A43F600CDAA6A /* Shapes */,
				9E4CCF7C2C7A429400CDAA6A /* Views */,
			);
			path = Common;
			sourceTree = "<group>";
		};
		9E4CCF7A2C7A422000CDAA6A /* Auth */ = {
			isa = PBXGroup;
			children = (
				9EF89A672C8A6FE800B6DECF /* Navigation */,
				9E6487702C7EBDC4007B4598 /* Resources */,
				9ECFA92A2C7A7B6C00E36D3F /* Views */,
				9ECFA9292C7A7B5F00E36D3F /* Screens */,
				9ECFA9282C7A7B5000E36D3F /* ViewModels */,
				9ECFA9252C7A779D00E36D3F /* Models */,
			);
			path = Auth;
			sourceTree = "<group>";
		};
		9E4CCF7B2C7A423000CDAA6A /* Home */ = {
			isa = PBXGroup;
			children = (
				9EF89A6C2C8A796E00B6DECF /* Navigation */,
				9E4CCF812C7A43BF00CDAA6A /* Screens */,
				9E4CCF802C7A438900CDAA6A /* Views */,
			);
			path = Home;
			sourceTree = "<group>";
		};
		9E4CCF7C2C7A429400CDAA6A /* Views */ = {
			isa = PBXGroup;
			children = (
				9ECF52CD2C68109B00178AE8 /* StatusBannerView.swift */,
				9ECF52D42C696DB400178AE8 /* SearchBarView.swift */,
				9ECFA9312C7B88E300E36D3F /* SpinnerView.swift */,
				9ECFA9362C7BBC4300E36D3F /* TextFieldView.swift */,
				9ECFA9382C7BC12B00E36D3F /* ButtonView.swift */,
			);
			path = Views;
			sourceTree = "<group>";
		};
		9E4CCF7D2C7A430700CDAA6A /* Groups */ = {
			isa = PBXGroup;
			children = (
				9E8639DF2C93992500B3FA4D /* ViewModels */,
				9E8639DA2C938E4B00B3FA4D /* Resource */,
				9E4CCF7F2C7A432D00CDAA6A /* Views */,
				9E4CCF7E2C7A432400CDAA6A /* Models */,
			);
			path = Groups;
			sourceTree = "<group>";
		};
		9E4CCF7E2C7A432400CDAA6A /* Models */ = {
			isa = PBXGroup;
			children = (
				9ED856852C6AB9CB008F661E /* GroupModel.swift */,
				9E8639DD2C938F0300B3FA4D /* GetGroupsResponse.swift */,
			);
			path = Models;
			sourceTree = "<group>";
		};
		9E4CCF7F2C7A432D00CDAA6A /* Views */ = {
			isa = PBXGroup;
			children = (
				9E4BE8282C6C08B90021DDAF /* GroupInProgressCardView.swift */,
				9E4BE82E2C6D09BA0021DDAF /* GroupsInProgressList.swift */,
			);
			path = Views;
			sourceTree = "<group>";
		};
		9E4CCF802C7A438900CDAA6A /* Views */ = {
			isa = PBXGroup;
			children = (
				9ECF52D22C691A8A00178AE8 /* HomeHeaderView.swift */,
			);
			path = Views;
			sourceTree = "<group>";
		};
		9E4CCF812C7A43BF00CDAA6A /* Screens */ = {
			isa = PBXGroup;
			children = (
				9ECF52B12C67D66C00178AE8 /* HomeScreen.swift */,
				9EF89A6A2C8A793A00B6DECF /* ProfileScreen.swift */,
			);
			path = Screens;
			sourceTree = "<group>";
		};
		9E4CCF822C7A43F600CDAA6A /* Shapes */ = {
			isa = PBXGroup;
			children = (
				9ECF52D02C6919B700178AE8 /* BannerShape.swift */,
			);
			path = Shapes;
			sourceTree = "<group>";
		};
		9E4CCF832C7A454000CDAA6A /* Colors */ = {
			isa = PBXGroup;
			children = (
				9ECFA91F2C7A47C200E36D3F /* Colors.xcassets */,
			);
			path = Colors;
			sourceTree = "<group>";
		};
		9E4CCF842C7A455A00CDAA6A /* Images */ = {
			isa = PBXGroup;
			children = (
				9ECF52A62C67D64A00178AE8 /* AppIcon.xcassets */,
				9ECFA91D2C7A472900E36D3F /* Images.xcassets */,
			);
			path = Images;
			sourceTree = "<group>";
		};
		9E63D1CE2C82661400C96680 /* Networking */ = {
			isa = PBXGroup;
			children = (
				9EFF2C6A2C7FB744000CA654 /* ApiResource.swift */,
				9EC75EF72C81165F00581CD3 /* ApiRequest.swift */,
				9EFF2C682C7F8406000CA654 /* ErrorResponse.swift */,
				9EC75EF52C81155000581CD3 /* NetworkRequest.swift */,
				9EAF213D2C861EDD00410A32 /* ApiError.swift */,
			);
			path = Networking;
			sourceTree = "<group>";
		};
		9E6487702C7EBDC4007B4598 /* Resources */ = {
			isa = PBXGroup;
			children = (
				9EC75EF22C81103E00581CD3 /* LoginResource.swift */,
				9E14FFA82C95E68800F6AA06 /* RefreshTokenResource.swift */,
				9EC369A62C9244ED009264EE /* CheckStatusResource.swift */,
				9EA1AB4E2C87F27C00BE5B06 /* RegisterResource.swift */,
			);
			path = Resources;
			sourceTree = "<group>";
		};
		9E8639DA2C938E4B00B3FA4D /* Resource */ = {
			isa = PBXGroup;
			children = (
				9E8639DB2C938ECF00B3FA4D /* GetGroupsResource.swift */,
			);
			path = Resource;
			sourceTree = "<group>";
		};
		9E8639DF2C93992500B3FA4D /* ViewModels */ = {
			isa = PBXGroup;
			children = (
				9E8639E02C93993D00B3FA4D /* GroupViewModel.swift */,
			);
			path = ViewModels;
			sourceTree = "<group>";
		};
		9ECF52962C67D64900178AE8 = {
			isa = PBXGroup;
			children = (
				9ECF52A12C67D64900178AE8 /* WordyCards */,
				9ECF52A02C67D64900178AE8 /* Products */,
			);
			sourceTree = "<group>";
		};
		9ECF52A02C67D64900178AE8 /* Products */ = {
			isa = PBXGroup;
			children = (
				9ECF529F2C67D64900178AE8 /* WordyCards.app */,
			);
			name = Products;
			sourceTree = "<group>";
		};
		9ECF52A12C67D64900178AE8 /* WordyCards */ = {
			isa = PBXGroup;
			children = (
				9ECFA9212C7A4FC600E36D3F /* SupportingFiles */,
				9E4CCF772C7A41D800CDAA6A /* Source */,
				9ECF52C42C67F9B200178AE8 /* Resources */,
				9ECF52A82C67D64A00178AE8 /* Preview Content */,
				9ECF52C02C67DC2700178AE8 /* Info.plist */,
			);
			path = WordyCards;
			sourceTree = "<group>";
		};
		9ECF52A82C67D64A00178AE8 /* Preview Content */ = {
			isa = PBXGroup;
			children = (
				9ECF52A92C67D64A00178AE8 /* Preview Assets.xcassets */,
			);
			path = "Preview Content";
			sourceTree = "<group>";
		};
		9ECF52B32C67DACF00178AE8 /* Fonts */ = {
			isa = PBXGroup;
			children = (
				9ECF52BE2C67DBDC00178AE8 /* Ionicons.ttf */,
				9ECF52B42C67DAE800178AE8 /* Quicksand-Bold.ttf */,
				9ECF52B72C67DAE800178AE8 /* Quicksand-Light.ttf */,
				9ECF52B52C67DAE800178AE8 /* Quicksand-Medium.ttf */,
				9ECF52B62C67DAE800178AE8 /* Quicksand-Regular.ttf */,
				9ECF52B82C67DAE800178AE8 /* Quicksand-SemiBold.ttf */,
			);
			path = Fonts;
			sourceTree = "<group>";
		};
		9ECF52C12C67F82D00178AE8 /* Types */ = {
			isa = PBXGroup;
			children = (
				9ECF52C22C67F84E00178AE8 /* Fonts.swift */,
			);
			path = Types;
			sourceTree = "<group>";
		};
		9ECF52C42C67F9B200178AE8 /* Resources */ = {
			isa = PBXGroup;
			children = (
				9E4CCF842C7A455A00CDAA6A /* Images */,
				9E4CCF832C7A454000CDAA6A /* Colors */,
				9ED856872C6ABABC008F661E /* Data */,
				9ECF52B32C67DACF00178AE8 /* Fonts */,
				9ECF52C12C67F82D00178AE8 /* Types */,
			);
			path = Resources;
			sourceTree = "<group>";
		};
		9ECF52C92C6800A800178AE8 /* ViewModifiers */ = {
			isa = PBXGroup;
			children = (
				9ECF52CA2C6800EF00178AE8 /* TextModifier.swift */,
			);
			path = ViewModifiers;
			sourceTree = "<group>";
		};
		9ECFA9212C7A4FC600E36D3F /* SupportingFiles */ = {
			isa = PBXGroup;
			children = (
				9ECFA9222C7A4FD000E36D3F /* Localization */,
			);
			path = SupportingFiles;
			sourceTree = "<group>";
		};
		9ECFA9222C7A4FD000E36D3F /* Localization */ = {
			isa = PBXGroup;
			children = (
				9ECFA9232C7A504E00E36D3F /* Localizable.xcstrings */,
			);
			path = Localization;
			sourceTree = "<group>";
		};
		9ECFA9252C7A779D00E36D3F /* Models */ = {
			isa = PBXGroup;
			children = (
				9ECFA9262C7A782300E36D3F /* AuthStatus.swift */,
				9E64876C2C7EAB7F007B4598 /* LoginResponse.swift */,
				9E14FFA62C95E5E900F6AA06 /* RefreshTokenResponse.swift */,
				9E6487732C7EC13A007B4598 /* LoginBodyRequest.swift */,
				9E64876E2C7EABF7007B4598 /* User.swift */,
				9EA1AB502C87F35900BE5B06 /* RegisterResponse.swift */,
				9EA1AB522C87F53000BE5B06 /* RegisterBodyRequest.swift */,
				9EC369A82C92457E009264EE /* CheckStatusResponse.swift */,
			);
			path = Models;
			sourceTree = "<group>";
		};
		9ECFA9282C7A7B5000E36D3F /* ViewModels */ = {
			isa = PBXGroup;
			children = (
				9ECFA92B2C7A7C3C00E36D3F /* AuthViewModel.swift */,
				9ECFA9332C7B9D8700E36D3F /* LoginFormViewModel.swift */,
				9EA1AB4C2C87BCF000BE5B06 /* RegisterFormViewModel.swift */,
			);
			path = ViewModels;
			sourceTree = "<group>";
		};
		9ECFA9292C7A7B5F00E36D3F /* Screens */ = {
			isa = PBXGroup;
			children = (
				9ECFA92D2C7A7CF000E36D3F /* LoginScreen.swift */,
				9ECFA92F2C7A85C100E36D3F /* SplashScreen.swift */,
				9EA1AB4A2C87A74C00BE5B06 /* RegisterScreen.swift */,
			);
			path = Screens;
			sourceTree = "<group>";
		};
		9ECFA92A2C7A7B6C00E36D3F /* Views */ = {
			isa = PBXGroup;
			children = (
			);
			path = Views;
			sourceTree = "<group>";
		};
		9ED856872C6ABABC008F661E /* Data */ = {
			isa = PBXGroup;
			children = (
			);
			path = Data;
			sourceTree = "<group>";
		};
		9EF89A4F2C8A3D5F00B6DECF /* Navigation */ = {
			isa = PBXGroup;
			children = (
				9EF89A632C8A679700B6DECF /* BaseRouter.swift */,
				9EF89A652C8A6DEA00B6DECF /* RouterProtocol.swift */,
			);
			path = Navigation;
			sourceTree = "<group>";
		};
		9EF89A672C8A6FE800B6DECF /* Navigation */ = {
			isa = PBXGroup;
			children = (
				9EF89A612C8A5FBD00B6DECF /* AuthRouterView.swift */,
				9EF89A502C8A3D7200B6DECF /* AuthRouter.swift */,
			);
			path = Navigation;
			sourceTree = "<group>";
		};
		9EF89A6C2C8A796E00B6DECF /* Navigation */ = {
			isa = PBXGroup;
			children = (
				9EF89A6D2C8A799000B6DECF /* MainRouter.swift */,
				9EF89A6F2C8A7AFD00B6DECF /* MainRouterView.swift */,
			);
			path = Navigation;
			sourceTree = "<group>";
		};
/* End PBXGroup section */

/* Begin PBXNativeTarget section */
		9ECF529E2C67D64900178AE8 /* WordyCards */ = {
			isa = PBXNativeTarget;
			buildConfigurationList = 9ECF52AD2C67D64A00178AE8 /* Build configuration list for PBXNativeTarget "WordyCards" */;
			buildPhases = (
				9ECF529B2C67D64900178AE8 /* Sources */,
				9ECF529C2C67D64900178AE8 /* Frameworks */,
				9ECF529D2C67D64900178AE8 /* Resources */,
			);
			buildRules = (
			);
			dependencies = (
			);
			name = WordyCards;
			packageProductDependencies = (
				9EC369A42C923B72009264EE /* KeychainSwift */,
			);
			productName = WordyCards;
			productReference = 9ECF529F2C67D64900178AE8 /* WordyCards.app */;
			productType = "com.apple.product-type.application";
		};
/* End PBXNativeTarget section */

/* Begin PBXProject section */
		9ECF52972C67D64900178AE8 /* Project object */ = {
			isa = PBXProject;
			attributes = {
				BuildIndependentTargetsInParallel = 1;
				LastSwiftUpdateCheck = 1540;
				LastUpgradeCheck = 1540;
				TargetAttributes = {
					9ECF529E2C67D64900178AE8 = {
						CreatedOnToolsVersion = 15.4;
					};
				};
			};
			buildConfigurationList = 9ECF529A2C67D64900178AE8 /* Build configuration list for PBXProject "WordyCards" */;
			compatibilityVersion = "Xcode 14.0";
			developmentRegion = en;
			hasScannedForEncodings = 0;
			knownRegions = (
				en,
				Base,
				"es-419",
			);
			mainGroup = 9ECF52962C67D64900178AE8;
			packageReferences = (
				9EC369A32C923B72009264EE /* XCRemoteSwiftPackageReference "keychain-swift" */,
			);
			productRefGroup = 9ECF52A02C67D64900178AE8 /* Products */;
			projectDirPath = "";
			projectRoot = "";
			targets = (
				9ECF529E2C67D64900178AE8 /* WordyCards */,
			);
		};
/* End PBXProject section */

/* Begin PBXResourcesBuildPhase section */
		9ECF529D2C67D64900178AE8 /* Resources */ = {
			isa = PBXResourcesBuildPhase;
			buildActionMask = 2147483647;
			files = (
				9ECF52AA2C67D64A00178AE8 /* Preview Assets.xcassets in Resources */,
				9ECF52BA2C67DAE900178AE8 /* Quicksand-Medium.ttf in Resources */,
				9ECFA91E2C7A472900E36D3F /* Images.xcassets in Resources */,
				9ECF52BF2C67DBDC00178AE8 /* Ionicons.ttf in Resources */,
				9ECF52B92C67DAE900178AE8 /* Quicksand-Bold.ttf in Resources */,
				9ECFA9242C7A504E00E36D3F /* Localizable.xcstrings in Resources */,
				9ECFA9202C7A47C200E36D3F /* Colors.xcassets in Resources */,
				9ECF52BC2C67DAE900178AE8 /* Quicksand-Light.ttf in Resources */,
				9ECF52A72C67D64A00178AE8 /* AppIcon.xcassets in Resources */,
				9ECF52BD2C67DAE900178AE8 /* Quicksand-SemiBold.ttf in Resources */,
				9ECF52BB2C67DAE900178AE8 /* Quicksand-Regular.ttf in Resources */,
			);
			runOnlyForDeploymentPostprocessing = 0;
		};
/* End PBXResourcesBuildPhase section */

/* Begin PBXSourcesBuildPhase section */
		9ECF529B2C67D64900178AE8 /* Sources */ = {
			isa = PBXSourcesBuildPhase;
			buildActionMask = 2147483647;
			files = (
				9EC75EF32C81103E00581CD3 /* LoginResource.swift in Sources */,
				9EC369A92C92457E009264EE /* CheckStatusResponse.swift in Sources */,
				9ECFA9342C7B9D8800E36D3F /* LoginFormViewModel.swift in Sources */,
				9EF89A662C8A6DEA00B6DECF /* RouterProtocol.swift in Sources */,
				9E6487742C7EC13A007B4598 /* LoginBodyRequest.swift in Sources */,
				9EF89A622C8A5FBD00B6DECF /* AuthRouterView.swift in Sources */,
				9ECFA9302C7A85C100E36D3F /* SplashScreen.swift in Sources */,
				9EC75EF62C81155000581CD3 /* NetworkRequest.swift in Sources */,
				9E8639E12C93993D00B3FA4D /* GroupViewModel.swift in Sources */,
				9ECF52D12C6919B700178AE8 /* BannerShape.swift in Sources */,
				9EF89A642C8A679700B6DECF /* BaseRouter.swift in Sources */,
				9ED856862C6AB9CB008F661E /* GroupModel.swift in Sources */,
				9E4BE82C2C6C09080021DDAF /* getColorStatus.swift in Sources */,
				9EA1AB4D2C87BCF000BE5B06 /* RegisterFormViewModel.swift in Sources */,
				9E4BE8292C6C08B90021DDAF /* GroupInProgressCardView.swift in Sources */,
				9ECFA9392C7BC12B00E36D3F /* ButtonView.swift in Sources */,
				9ECF52D52C696DB400178AE8 /* SearchBarView.swift in Sources */,
				9ECF52C32C67F84E00178AE8 /* Fonts.swift in Sources */,
				9ECFA9372C7BBC4300E36D3F /* TextFieldView.swift in Sources */,
				9ECFA92E2C7A7CF000E36D3F /* LoginScreen.swift in Sources */,
				9ECFA9272C7A782400E36D3F /* AuthStatus.swift in Sources */,
				9E8639DC2C938ECF00B3FA4D /* GetGroupsResource.swift in Sources */,
				9ECFA9322C7B88E300E36D3F /* SpinnerView.swift in Sources */,
				9EF89A6B2C8A793A00B6DECF /* ProfileScreen.swift in Sources */,
				9ECF52CB2C6800EF00178AE8 /* TextModifier.swift in Sources */,
				9EA1AB512C87F35900BE5B06 /* RegisterResponse.swift in Sources */,
				9E4BE82F2C6D09BA0021DDAF /* GroupsInProgressList.swift in Sources */,
				9E8639DE2C938F0300B3FA4D /* GetGroupsResponse.swift in Sources */,
				9EFF2C692C7F8406000CA654 /* ErrorResponse.swift in Sources */,
				9ECF52B22C67D66C00178AE8 /* HomeScreen.swift in Sources */,
				9EA1AB4B2C87A74C00BE5B06 /* RegisterScreen.swift in Sources */,
				9EFF2C6B2C7FB744000CA654 /* ApiResource.swift in Sources */,
				9EF89A6E2C8A799000B6DECF /* MainRouter.swift in Sources */,
				9ECF52D32C691A8A00178AE8 /* HomeHeaderView.swift in Sources */,
				9EF89A702C8A7AFD00B6DECF /* MainRouterView.swift in Sources */,
				9EAF213E2C861EDD00410A32 /* ApiError.swift in Sources */,
				9E14FFA72C95E5E900F6AA06 /* RefreshTokenResponse.swift in Sources */,
				9ECFA92C2C7A7C3C00E36D3F /* AuthViewModel.swift in Sources */,
				9E64876D2C7EAB7F007B4598 /* LoginResponse.swift in Sources */,
				9EF89A512C8A3D7200B6DECF /* AuthRouter.swift in Sources */,
				9EC75EF82C81165F00581CD3 /* ApiRequest.swift in Sources */,
				9E64876F2C7EABF7007B4598 /* User.swift in Sources */,
				9EC369A72C9244ED009264EE /* CheckStatusResource.swift in Sources */,
				9EA1AB4F2C87F27C00BE5B06 /* RegisterResource.swift in Sources */,
				9EA1AB532C87F53000BE5B06 /* RegisterBodyRequest.swift in Sources */,
				9ECF52CE2C68109B00178AE8 /* StatusBannerView.swift in Sources */,
				9ECF52A52C67D64900178AE8 /* ApplicationSwitcher.swift in Sources */,
				9E14FFA92C95E68800F6AA06 /* RefreshTokenResource.swift in Sources */,
				9ECF52A32C67D64900178AE8 /* WordyCardsApp.swift in Sources */,
			);
			runOnlyForDeploymentPostprocessing = 0;
		};
/* End PBXSourcesBuildPhase section */

/* Begin XCBuildConfiguration section */
		9ECF52AB2C67D64A00178AE8 /* Debug */ = {
			isa = XCBuildConfiguration;
			buildSettings = {
				ALWAYS_SEARCH_USER_PATHS = NO;
				ASSETCATALOG_COMPILER_GENERATE_SWIFT_ASSET_SYMBOL_EXTENSIONS = YES;
				CLANG_ANALYZER_NONNULL = YES;
				CLANG_ANALYZER_NUMBER_OBJECT_CONVERSION = YES_AGGRESSIVE;
				CLANG_CXX_LANGUAGE_STANDARD = "gnu++20";
				CLANG_ENABLE_MODULES = YES;
				CLANG_ENABLE_OBJC_ARC = YES;
				CLANG_ENABLE_OBJC_WEAK = YES;
				CLANG_WARN_BLOCK_CAPTURE_AUTORELEASING = YES;
				CLANG_WARN_BOOL_CONVERSION = YES;
				CLANG_WARN_COMMA = YES;
				CLANG_WARN_CONSTANT_CONVERSION = YES;
				CLANG_WARN_DEPRECATED_OBJC_IMPLEMENTATIONS = YES;
				CLANG_WARN_DIRECT_OBJC_ISA_USAGE = YES_ERROR;
				CLANG_WARN_DOCUMENTATION_COMMENTS = YES;
				CLANG_WARN_EMPTY_BODY = YES;
				CLANG_WARN_ENUM_CONVERSION = YES;
				CLANG_WARN_INFINITE_RECURSION = YES;
				CLANG_WARN_INT_CONVERSION = YES;
				CLANG_WARN_NON_LITERAL_NULL_CONVERSION = YES;
				CLANG_WARN_OBJC_IMPLICIT_RETAIN_SELF = YES;
				CLANG_WARN_OBJC_LITERAL_CONVERSION = YES;
				CLANG_WARN_OBJC_ROOT_CLASS = YES_ERROR;
				CLANG_WARN_QUOTED_INCLUDE_IN_FRAMEWORK_HEADER = YES;
				CLANG_WARN_RANGE_LOOP_ANALYSIS = YES;
				CLANG_WARN_STRICT_PROTOTYPES = YES;
				CLANG_WARN_SUSPICIOUS_MOVE = YES;
				CLANG_WARN_UNGUARDED_AVAILABILITY = YES_AGGRESSIVE;
				CLANG_WARN_UNREACHABLE_CODE = YES;
				CLANG_WARN__DUPLICATE_METHOD_MATCH = YES;
				COPY_PHASE_STRIP = NO;
				DEBUG_INFORMATION_FORMAT = dwarf;
				ENABLE_STRICT_OBJC_MSGSEND = YES;
				ENABLE_TESTABILITY = YES;
				ENABLE_USER_SCRIPT_SANDBOXING = YES;
				GCC_C_LANGUAGE_STANDARD = gnu17;
				GCC_DYNAMIC_NO_PIC = NO;
				GCC_NO_COMMON_BLOCKS = YES;
				GCC_OPTIMIZATION_LEVEL = 0;
				GCC_PREPROCESSOR_DEFINITIONS = (
					"DEBUG=1",
					"$(inherited)",
				);
				GCC_WARN_64_TO_32_BIT_CONVERSION = YES;
				GCC_WARN_ABOUT_RETURN_TYPE = YES_ERROR;
				GCC_WARN_UNDECLARED_SELECTOR = YES;
				GCC_WARN_UNINITIALIZED_AUTOS = YES_AGGRESSIVE;
				GCC_WARN_UNUSED_FUNCTION = YES;
				GCC_WARN_UNUSED_VARIABLE = YES;
				IPHONEOS_DEPLOYMENT_TARGET = 17.5;
				LOCALIZATION_PREFERS_STRING_CATALOGS = YES;
				MTL_ENABLE_DEBUG_INFO = INCLUDE_SOURCE;
				MTL_FAST_MATH = YES;
				ONLY_ACTIVE_ARCH = YES;
				SDKROOT = iphoneos;
				SWIFT_ACTIVE_COMPILATION_CONDITIONS = "DEBUG $(inherited)";
				SWIFT_OPTIMIZATION_LEVEL = "-Onone";
			};
			name = Debug;
		};
		9ECF52AC2C67D64A00178AE8 /* Release */ = {
			isa = XCBuildConfiguration;
			buildSettings = {
				ALWAYS_SEARCH_USER_PATHS = NO;
				ASSETCATALOG_COMPILER_GENERATE_SWIFT_ASSET_SYMBOL_EXTENSIONS = YES;
				CLANG_ANALYZER_NONNULL = YES;
				CLANG_ANALYZER_NUMBER_OBJECT_CONVERSION = YES_AGGRESSIVE;
				CLANG_CXX_LANGUAGE_STANDARD = "gnu++20";
				CLANG_ENABLE_MODULES = YES;
				CLANG_ENABLE_OBJC_ARC = YES;
				CLANG_ENABLE_OBJC_WEAK = YES;
				CLANG_WARN_BLOCK_CAPTURE_AUTORELEASING = YES;
				CLANG_WARN_BOOL_CONVERSION = YES;
				CLANG_WARN_COMMA = YES;
				CLANG_WARN_CONSTANT_CONVERSION = YES;
				CLANG_WARN_DEPRECATED_OBJC_IMPLEMENTATIONS = YES;
				CLANG_WARN_DIRECT_OBJC_ISA_USAGE = YES_ERROR;
				CLANG_WARN_DOCUMENTATION_COMMENTS = YES;
				CLANG_WARN_EMPTY_BODY = YES;
				CLANG_WARN_ENUM_CONVERSION = YES;
				CLANG_WARN_INFINITE_RECURSION = YES;
				CLANG_WARN_INT_CONVERSION = YES;
				CLANG_WARN_NON_LITERAL_NULL_CONVERSION = YES;
				CLANG_WARN_OBJC_IMPLICIT_RETAIN_SELF = YES;
				CLANG_WARN_OBJC_LITERAL_CONVERSION = YES;
				CLANG_WARN_OBJC_ROOT_CLASS = YES_ERROR;
				CLANG_WARN_QUOTED_INCLUDE_IN_FRAMEWORK_HEADER = YES;
				CLANG_WARN_RANGE_LOOP_ANALYSIS = YES;
				CLANG_WARN_STRICT_PROTOTYPES = YES;
				CLANG_WARN_SUSPICIOUS_MOVE = YES;
				CLANG_WARN_UNGUARDED_AVAILABILITY = YES_AGGRESSIVE;
				CLANG_WARN_UNREACHABLE_CODE = YES;
				CLANG_WARN__DUPLICATE_METHOD_MATCH = YES;
				COPY_PHASE_STRIP = NO;
				DEBUG_INFORMATION_FORMAT = "dwarf-with-dsym";
				ENABLE_NS_ASSERTIONS = NO;
				ENABLE_STRICT_OBJC_MSGSEND = YES;
				ENABLE_USER_SCRIPT_SANDBOXING = YES;
				GCC_C_LANGUAGE_STANDARD = gnu17;
				GCC_NO_COMMON_BLOCKS = YES;
				GCC_WARN_64_TO_32_BIT_CONVERSION = YES;
				GCC_WARN_ABOUT_RETURN_TYPE = YES_ERROR;
				GCC_WARN_UNDECLARED_SELECTOR = YES;
				GCC_WARN_UNINITIALIZED_AUTOS = YES_AGGRESSIVE;
				GCC_WARN_UNUSED_FUNCTION = YES;
				GCC_WARN_UNUSED_VARIABLE = YES;
				IPHONEOS_DEPLOYMENT_TARGET = 17.5;
				LOCALIZATION_PREFERS_STRING_CATALOGS = YES;
				MTL_ENABLE_DEBUG_INFO = NO;
				MTL_FAST_MATH = YES;
				SDKROOT = iphoneos;
				SWIFT_COMPILATION_MODE = wholemodule;
				VALIDATE_PRODUCT = YES;
			};
			name = Release;
		};
		9ECF52AE2C67D64A00178AE8 /* Debug */ = {
			isa = XCBuildConfiguration;
			buildSettings = {
				ASSETCATALOG_COMPILER_APPICON_NAME = AppIcon;
				ASSETCATALOG_COMPILER_GLOBAL_ACCENT_COLOR_NAME = AccentColor;
				CODE_SIGN_STYLE = Automatic;
				CURRENT_PROJECT_VERSION = 1;
				DEVELOPMENT_ASSET_PATHS = "\"WordyCards/Preview Content\"";
				DEVELOPMENT_TEAM = QM8NLDC549;
				ENABLE_PREVIEWS = YES;
				GENERATE_INFOPLIST_FILE = YES;
				INFOPLIST_FILE = WordyCards/Info.plist;
				INFOPLIST_KEY_UIApplicationSceneManifest_Generation = YES;
				INFOPLIST_KEY_UIApplicationSupportsIndirectInputEvents = YES;
				INFOPLIST_KEY_UILaunchScreen_Generation = YES;
				INFOPLIST_KEY_UISupportedInterfaceOrientations_iPad = "UIInterfaceOrientationPortrait UIInterfaceOrientationPortraitUpsideDown UIInterfaceOrientationLandscapeLeft UIInterfaceOrientationLandscapeRight";
				INFOPLIST_KEY_UISupportedInterfaceOrientations_iPhone = "UIInterfaceOrientationPortrait UIInterfaceOrientationLandscapeLeft UIInterfaceOrientationLandscapeRight";
				LD_RUNPATH_SEARCH_PATHS = (
					"$(inherited)",
					"@executable_path/Frameworks",
				);
				MARKETING_VERSION = 1.0;
				PRODUCT_BUNDLE_IDENTIFIER = com.sebastiannarvaez.WordyCards;
				PRODUCT_NAME = "$(TARGET_NAME)";
				SWIFT_EMIT_LOC_STRINGS = YES;
				SWIFT_VERSION = 5.0;
				TARGETED_DEVICE_FAMILY = "1,2";
			};
			name = Debug;
		};
		9ECF52AF2C67D64A00178AE8 /* Release */ = {
			isa = XCBuildConfiguration;
			buildSettings = {
				ASSETCATALOG_COMPILER_APPICON_NAME = AppIcon;
				ASSETCATALOG_COMPILER_GLOBAL_ACCENT_COLOR_NAME = AccentColor;
				CODE_SIGN_STYLE = Automatic;
				CURRENT_PROJECT_VERSION = 1;
				DEVELOPMENT_ASSET_PATHS = "\"WordyCards/Preview Content\"";
				DEVELOPMENT_TEAM = QM8NLDC549;
				ENABLE_PREVIEWS = YES;
				GENERATE_INFOPLIST_FILE = YES;
				INFOPLIST_FILE = WordyCards/Info.plist;
				INFOPLIST_KEY_UIApplicationSceneManifest_Generation = YES;
				INFOPLIST_KEY_UIApplicationSupportsIndirectInputEvents = YES;
				INFOPLIST_KEY_UILaunchScreen_Generation = YES;
				INFOPLIST_KEY_UISupportedInterfaceOrientations_iPad = "UIInterfaceOrientationPortrait UIInterfaceOrientationPortraitUpsideDown UIInterfaceOrientationLandscapeLeft UIInterfaceOrientationLandscapeRight";
				INFOPLIST_KEY_UISupportedInterfaceOrientations_iPhone = "UIInterfaceOrientationPortrait UIInterfaceOrientationLandscapeLeft UIInterfaceOrientationLandscapeRight";
				LD_RUNPATH_SEARCH_PATHS = (
					"$(inherited)",
					"@executable_path/Frameworks",
				);
				MARKETING_VERSION = 1.0;
				PRODUCT_BUNDLE_IDENTIFIER = com.sebastiannarvaez.WordyCards;
				PRODUCT_NAME = "$(TARGET_NAME)";
				SWIFT_EMIT_LOC_STRINGS = YES;
				SWIFT_VERSION = 5.0;
				TARGETED_DEVICE_FAMILY = "1,2";
			};
			name = Release;
		};
/* End XCBuildConfiguration section */

/* Begin XCConfigurationList section */
		9ECF529A2C67D64900178AE8 /* Build configuration list for PBXProject "WordyCards" */ = {
			isa = XCConfigurationList;
			buildConfigurations = (
				9ECF52AB2C67D64A00178AE8 /* Debug */,
				9ECF52AC2C67D64A00178AE8 /* Release */,
			);
			defaultConfigurationIsVisible = 0;
			defaultConfigurationName = Release;
		};
		9ECF52AD2C67D64A00178AE8 /* Build configuration list for PBXNativeTarget "WordyCards" */ = {
			isa = XCConfigurationList;
			buildConfigurations = (
				9ECF52AE2C67D64A00178AE8 /* Debug */,
				9ECF52AF2C67D64A00178AE8 /* Release */,
			);
			defaultConfigurationIsVisible = 0;
			defaultConfigurationName = Release;
		};
/* End XCConfigurationList section */

/* Begin XCRemoteSwiftPackageReference section */
		9EC369A32C923B72009264EE /* XCRemoteSwiftPackageReference "keychain-swift" */ = {
			isa = XCRemoteSwiftPackageReference;
			repositoryURL = "https://github.com/evgenyneu/keychain-swift.git";
			requirement = {
				kind = upToNextMajorVersion;
				minimumVersion = 24.0.0;
			};
		};
/* End XCRemoteSwiftPackageReference section */

/* Begin XCSwiftPackageProductDependency section */
		9EC369A42C923B72009264EE /* KeychainSwift */ = {
			isa = XCSwiftPackageProductDependency;
			package = 9EC369A32C923B72009264EE /* XCRemoteSwiftPackageReference "keychain-swift" */;
			productName = KeychainSwift;
		};
/* End XCSwiftPackageProductDependency section */
	};
	rootObject = 9ECF52972C67D64900178AE8 /* Project object */;
}
